{
  "nodes": {
    "nixpkgs": {
      "locked": {
        "lastModified": 1716259389,
        "narHash": "sha256-gz6aq/a8qRC+AWEu2ewOb8Ze6Oz2fBreZ2tkWKKkU78=",
        "owner": "NixOS",
        "repo": "nixpkgs",
        "rev": "5bd7f13726515d0623694b9aa1104b9d9330259c",
        "type": "github"
      },
      "original": {
        "owner": "NixOS",
        "ref": "master",
        "repo": "nixpkgs",
        "type": "github"
      }
    },
    "root": {
      "inputs": {
        "nixpkgs": "nixpkgs"
      }
    }
  },
  "root": "root",
  "version": 7
}
