{
  "nodes": {
    "nixpkgs": {
      "locked": {
        "lastModified": 1658632815,
        "narHash": "sha256-SvrHo++2drpILSZBO8wirkzwaqCRZBXE+2OGFHEJ4yQ=",
        "owner": "NixOS",
        "repo": "nixpkgs",
        "rev": "46cf1b978133b993eacf30a3c564df29044df0e5",
        "type": "github"
      },
      "original": {
        "owner": "NixOS",
        "ref": "master",
        "repo": "nixpkgs",
        "type": "github"
      }
    },
    "root": {
      "inputs": {
        "nixpkgs": "nixpkgs"
      }
    }
  },
  "root": "root",
  "version": 7
}
